{
  "name": "public_html",
  "lockfileVersion": 2,
  "requires": true,
  "packages": {
    "": {
      "dependencies": {
        "pp-element": "^1.0.1"
      }
    },
    "node_modules/pp-element": {
      "version": "1.0.1",
      "resolved": "https://registry.npmjs.org/pp-element/-/pp-element-1.0.1.tgz",
      "integrity": "sha512-BQBtMH1QkX13w/gFEIRNTLcOIRKNeRm96I7G65yZm/0KMceeXm7cJloLqZq0Tp+VStE5iDRToei52oGczyA2MA==",
      "dependencies": {
        "pp-is": "^1.0.2"
      }
    },
    "node_modules/pp-is": {
      "version": "1.0.2",
      "resolved": "https://registry.npmjs.org/pp-is/-/pp-is-1.0.2.tgz",
      "integrity": "sha512-9JT4DnMiXDqqijoJ3sGFxHtveujtpL60Xp7GQBZqlieA7Xz7MeV0hGjEcxlj95wnFW0Pc/6L875u0iKhmenuCw=="
    }
  },
  "dependencies": {
    "pp-element": {
      "version": "1.0.1",
      "resolved": "https://registry.npmjs.org/pp-element/-/pp-element-1.0.1.tgz",
      "integrity": "sha512-BQBtMH1QkX13w/gFEIRNTLcOIRKNeRm96I7G65yZm/0KMceeXm7cJloLqZq0Tp+VStE5iDRToei52oGczyA2MA==",
      "requires": {
        "pp-is": "^1.0.2"
      }
    },
    "pp-is": {
      "version": "1.0.2",
      "resolved": "https://registry.npmjs.org/pp-is/-/pp-is-1.0.2.tgz",
      "integrity": "sha512-9JT4DnMiXDqqijoJ3sGFxHtveujtpL60Xp7GQBZqlieA7Xz7MeV0hGjEcxlj95wnFW0Pc/6L875u0iKhmenuCw=="
    }
  }
}
